
Microsoft Visual Studio Solution File, Format Version 12.00
# Visual Studio Version 16
VisualStudioVersion = 16.0.32630.194
MinimumVisualStudioVersion = 10.0.40219.1
Project("{FAE04EC0-301F-11D3-BF4B-00C04F79EFBC}") = "FF8CSR_Launcher", "FF8CSR_Launcher\FF8CSR_Launcher.csproj", "{68D7C816-EE09-47AB-B140-C6F961270D57}"
EndProject
Global
	GlobalSection(SolutionConfigurationPlatforms) = preSolution
		Debug|Any CPU = Debug|Any CPU
		Release|Any CPU = Release|Any CPU
	EndGlobalSection
	GlobalSection(ProjectConfigurationPlatforms) = postSolution
		{68D7C816-EE09-47AB-B140-C6F961270D57}.Debug|Any CPU.ActiveCfg = Debug|Any CPU
		{68D7C816-EE09-47AB-B140-C6F961270D57}.Debug|Any CPU.Build.0 = Debug|Any CPU
		{68D7C816-EE09-47AB-B140-C6F961270D57}.Release|Any CPU.ActiveCfg = Release|Any CPU
		{68D7C816-EE09-47AB-B140-C6F961270D57}.Release|Any CPU.Build.0 = Release|Any CPU
	EndGlobalSection
	GlobalSection(SolutionProperties) = preSolution
		HideSolutionNode = FALSE
	EndGlobalSection
	GlobalSection(ExtensibilityGlobals) = postSolution
		SolutionGuid = {9D88F75B-7649-4EEB-A832-BD9D3767EE8B}
	EndGlobalSection
EndGlobal
